
Microsoft Visual Studio Solution File, Format Version 12.00
# Visual Studio Version 17
VisualStudioVersion = 17.6.33723.286
MinimumVisualStudioVersion = 10.0.40219.1
Project("{9A19103F-16F7-4668-BE54-9A1E7A4F7556}") = "SauceDemo", "SauceDemo\SauceDemo.csproj", "{540CB1E7-C866-4F08-8EC4-2323E5FE49B0}"
EndProject
Global
	GlobalSection(SolutionConfigurationPlatforms) = preSolution
		Debug|Any CPU = Debug|Any CPU
		Release|Any CPU = Release|Any CPU
	EndGlobalSection
	GlobalSection(ProjectConfigurationPlatforms) = postSolution
		{540CB1E7-C866-4F08-8EC4-2323E5FE49B0}.Debug|Any CPU.ActiveCfg = Debug|Any CPU
		{540CB1E7-C866-4F08-8EC4-2323E5FE49B0}.Debug|Any CPU.Build.0 = Debug|Any CPU
		{540CB1E7-C866-4F08-8EC4-2323E5FE49B0}.Release|Any CPU.ActiveCfg = Release|Any CPU
		{540CB1E7-C866-4F08-8EC4-2323E5FE49B0}.Release|Any CPU.Build.0 = Release|Any CPU
	EndGlobalSection
	GlobalSection(SolutionProperties) = preSolution
		HideSolutionNode = FALSE
	EndGlobalSection
	GlobalSection(ExtensibilityGlobals) = postSolution
		SolutionGuid = {18568C7F-DD85-417C-8AAF-184E79F756E8}
	EndGlobalSection
EndGlobal
